
Microsoft Visual Studio Solution File, Format Version 12.00
# Visual Studio Version 17
VisualStudioVersion = 17.5.002.0
MinimumVisualStudioVersion = 10.0.40219.1
Project("{9A19103F-16F7-4668-BE54-9A1E7A4F7556}") = "56114", "56114.csproj", "{209D9D1F-DFED-4A21-8F4B-48489FA432DD}"
EndProject
Global
	GlobalSection(SolutionConfigurationPlatforms) = preSolution
		Debug|Any CPU = Debug|Any CPU
		Release|Any CPU = Release|Any CPU
	EndGlobalSection
	GlobalSection(ProjectConfigurationPlatforms) = postSolution
		{209D9D1F-DFED-4A21-8F4B-48489FA432DD}.Debug|Any CPU.ActiveCfg = Debug|Any CPU
		{209D9D1F-DFED-4A21-8F4B-48489FA432DD}.Debug|Any CPU.Build.0 = Debug|Any CPU
		{209D9D1F-DFED-4A21-8F4B-48489FA432DD}.Release|Any CPU.ActiveCfg = Release|Any CPU
		{209D9D1F-DFED-4A21-8F4B-48489FA432DD}.Release|Any CPU.Build.0 = Release|Any CPU
	EndGlobalSection
	GlobalSection(SolutionProperties) = preSolution
		HideSolutionNode = FALSE
	EndGlobalSection
	GlobalSection(ExtensibilityGlobals) = postSolution
		SolutionGuid = {EF8DFDD8-4A05-40CD-BD65-13F809F84E31}
	EndGlobalSection
EndGlobal
